
Microsoft Visual Studio Solution File, Format Version 12.00
# Visual Studio Version 17
VisualStudioVersion = 17.7.34003.232
MinimumVisualStudioVersion = 10.0.40219.1
Project("{9A19103F-16F7-4668-BE54-9A1E7A4F7556}") = "FP.Patterns.State.Exercice0", "FP.Patterns.State.Exercice0.csproj", "{1F6BF3C3-96DF-45AF-A7FB-BB4C6580CA74}"
EndProject
Project("{9A19103F-16F7-4668-BE54-9A1E7A4F7556}") = "FP.Patterns.State.Exercice1", "..\FP.Patterns.State.Exercice1\FP.Patterns.State.Exercice1.csproj", "{3DD49834-86C9-4CF7-8D9E-D553DE8F5A25}"
EndProject
Project("{9A19103F-16F7-4668-BE54-9A1E7A4F7556}") = "FP.Patterns.State.Exercice2", "..\FP.Patterns.State.Exercice2\FP.Patterns.State.Exercice2.csproj", "{445ACB18-6416-4F6B-84C9-CCB4835A4CFF}"
EndProject
Project("{FAE04EC0-301F-11D3-BF4B-00C04F79EFBC}") = "FP.Patterns.State.Exercice3", "..\FP.Patterns.State.Exercice3\FP.Patterns.State.Exercice3.csproj", "{784E5CEF-6B10-4AB5-8567-13199D615CF4}"
EndProject
Global
	GlobalSection(SolutionConfigurationPlatforms) = preSolution
		Debug|Any CPU = Debug|Any CPU
		Release|Any CPU = Release|Any CPU
	EndGlobalSection
	GlobalSection(ProjectConfigurationPlatforms) = postSolution
		{1F6BF3C3-96DF-45AF-A7FB-BB4C6580CA74}.Debug|Any CPU.ActiveCfg = Debug|Any CPU
		{1F6BF3C3-96DF-45AF-A7FB-BB4C6580CA74}.Debug|Any CPU.Build.0 = Debug|Any CPU
		{1F6BF3C3-96DF-45AF-A7FB-BB4C6580CA74}.Release|Any CPU.ActiveCfg = Release|Any CPU
		{1F6BF3C3-96DF-45AF-A7FB-BB4C6580CA74}.Release|Any CPU.Build.0 = Release|Any CPU
		{3DD49834-86C9-4CF7-8D9E-D553DE8F5A25}.Debug|Any CPU.ActiveCfg = Debug|Any CPU
		{3DD49834-86C9-4CF7-8D9E-D553DE8F5A25}.Debug|Any CPU.Build.0 = Debug|Any CPU
		{3DD49834-86C9-4CF7-8D9E-D553DE8F5A25}.Release|Any CPU.ActiveCfg = Release|Any CPU
		{3DD49834-86C9-4CF7-8D9E-D553DE8F5A25}.Release|Any CPU.Build.0 = Release|Any CPU
		{445ACB18-6416-4F6B-84C9-CCB4835A4CFF}.Debug|Any CPU.ActiveCfg = Debug|Any CPU
		{445ACB18-6416-4F6B-84C9-CCB4835A4CFF}.Debug|Any CPU.Build.0 = Debug|Any CPU
		{445ACB18-6416-4F6B-84C9-CCB4835A4CFF}.Release|Any CPU.ActiveCfg = Release|Any CPU
		{445ACB18-6416-4F6B-84C9-CCB4835A4CFF}.Release|Any CPU.Build.0 = Release|Any CPU
		{784E5CEF-6B10-4AB5-8567-13199D615CF4}.Debug|Any CPU.ActiveCfg = Debug|Any CPU
		{784E5CEF-6B10-4AB5-8567-13199D615CF4}.Debug|Any CPU.Build.0 = Debug|Any CPU
		{784E5CEF-6B10-4AB5-8567-13199D615CF4}.Release|Any CPU.ActiveCfg = Release|Any CPU
		{784E5CEF-6B10-4AB5-8567-13199D615CF4}.Release|Any CPU.Build.0 = Release|Any CPU
	EndGlobalSection
	GlobalSection(SolutionProperties) = preSolution
		HideSolutionNode = FALSE
	EndGlobalSection
	GlobalSection(ExtensibilityGlobals) = postSolution
		SolutionGuid = {56DFABDE-AEFD-4C45-9F2F-3B9EBE77AF18}
	EndGlobalSection
EndGlobal
